{
    "_meta": {
        "hash": {
            "sha256": "79c09cbcdef4a30c253b5e173db568037794c8207662736006c8b0976c3dcc15"
        },
        "pipfile-spec": 6,
        "requires": {
            "python_full_version": "3.8.10",
            "python_version": "3.8"
        },
        "sources": [
            {
                "name": "pypi",
                "url": "https://pypi.org/simple",
                "verify_ssl": true
            }
        ]
    },
    "default": {},
    "develop": {}
}
