{
    "_meta": {
        "hash": {
            "sha256": "aa89297b2997baa5c96b84e8ed70c89ea8a3d1d4c72e834aad42227c360a7d25"
        },
        "pipfile-spec": 6,
        "requires": {
            "python_full_version": "3.8.10",
            "python_version": "3.8"
        },
        "sources": [
            {
                "name": "pypi",
                "url": "https://pypi.org/simple",
                "verify_ssl": true
            }
        ]
    },
    "default": {
        "tqdm": {
            "hashes": [
                "sha256:1871fb68a86b8fb3b59ca4cdd3dcccbc7e6d613eeed31f4c332531977b89beb5",
                "sha256:c4f53a17fe37e132815abceec022631be8ffe1b9381c2e6e30aa70edc99e9671"
            ],
            "index": "pypi",
            "version": "==4.65.0"
        }
    },
    "develop": {}
}
